
Microsoft Visual Studio Solution File, Format Version 12.00
# Visual Studio Version 16
VisualStudioVersion = 16.0.30907.101
MinimumVisualStudioVersion = 10.0.40219.1
Project("{FAE04EC0-301F-11D3-BF4B-00C04F79EFBC}") = "DoctorOn", "DoctorOn\DoctorOn.csproj", "{2510544D-8DBE-4888-AE1C-128EA5C2B8CE}"
EndProject
Global
	GlobalSection(SolutionConfigurationPlatforms) = preSolution
		Debug|Any CPU = Debug|Any CPU
		Release|Any CPU = Release|Any CPU
	EndGlobalSection
	GlobalSection(ProjectConfigurationPlatforms) = postSolution
		{2510544D-8DBE-4888-AE1C-128EA5C2B8CE}.Debug|Any CPU.ActiveCfg = Debug|Any CPU
		{2510544D-8DBE-4888-AE1C-128EA5C2B8CE}.Debug|Any CPU.Build.0 = Debug|Any CPU
		{2510544D-8DBE-4888-AE1C-128EA5C2B8CE}.Release|Any CPU.ActiveCfg = Release|Any CPU
		{2510544D-8DBE-4888-AE1C-128EA5C2B8CE}.Release|Any CPU.Build.0 = Release|Any CPU
	EndGlobalSection
	GlobalSection(SolutionProperties) = preSolution
		HideSolutionNode = FALSE
	EndGlobalSection
	GlobalSection(ExtensibilityGlobals) = postSolution
		SolutionGuid = {B069B023-8C2B-469D-AE9F-9406B529B2C0}
	EndGlobalSection
EndGlobal
